// !$*UTF8*$!
{
	archiveVersion = 1;
	classes = {
	};
	objectVersion = 56;
	objects = {

/* Begin PBXBuildFile section */
		DF95D22A29689DAF00D0AAF0 /* SamplesApp.swift in Sources */ = {isa = PBXBuildFile; fileRef = DF95D22929689DAF00D0AAF0 /* SamplesApp.swift */; };
		DF95D22C29689DAF00D0AAF0 /* ContentView.swift in Sources */ = {isa = PBXBuildFile; fileRef = DF95D22B29689DAF00D0AAF0 /* ContentView.swift */; };
		DF95D22E29689DB000D0AAF0 /* Assets.xcassets in Resources */ = {isa = PBXBuildFile; fileRef = DF95D22D29689DB000D0AAF0 /* Assets.xcassets */; };
		DF95D23129689DB000D0AAF0 /* Preview Assets.xcassets in Resources */ = {isa = PBXBuildFile; fileRef = DF95D23029689DB000D0AAF0 /* Preview Assets.xcassets */; };
		DFEAC25E2969C5B900063748 /* README.md in Resources */ = {isa = PBXBuildFile; fileRef = DFEAC25D2969C5B900063748 /* README.md */; };
		DFEAC2642969D54900063748 /* View+Available.swift in Sources */ = {isa = PBXBuildFile; fileRef = DFEAC2632969D54900063748 /* View+Available.swift */; };
		DFEAC2672969D57000063748 /* iOSVersion.swift in Sources */ = {isa = PBXBuildFile; fileRef = DFEAC2662969D57000063748 /* iOSVersion.swift */; };
		DFEAC2692969D66B00063748 /* ContentView+Bottom.swift in Sources */ = {isa = PBXBuildFile; fileRef = DFEAC2682969D66B00063748 /* ContentView+Bottom.swift */; };
		DFEAC26B2969D68E00063748 /* ContentView+Fonts.swift in Sources */ = {isa = PBXBuildFile; fileRef = DFEAC26A2969D68E00063748 /* ContentView+Fonts.swift */; };
		DFEAC26D2969D69D00063748 /* ContentView+Weights.swift in Sources */ = {isa = PBXBuildFile; fileRef = DFEAC26C2969D69D00063748 /* ContentView+Weights.swift */; };
		DFEAC26F2969D6AD00063748 /* ContentView+Styles.swift in Sources */ = {isa = PBXBuildFile; fileRef = DFEAC26E2969D6AD00063748 /* ContentView+Styles.swift */; };
		DFEAC2712969D6C300063748 /* ContentView+Widths.swift in Sources */ = {isa = PBXBuildFile; fileRef = DFEAC2702969D6C300063748 /* ContentView+Widths.swift */; };
		DFEAC2732969D6DB00063748 /* ContentView+Designs.swift in Sources */ = {isa = PBXBuildFile; fileRef = DFEAC2722969D6DB00063748 /* ContentView+Designs.swift */; };
/* End PBXBuildFile section */

/* Begin PBXFileReference section */
		DF95D22629689DAF00D0AAF0 /* Samples.app */ = {isa = PBXFileReference; explicitFileType = wrapper.application; includeInIndex = 0; path = Samples.app; sourceTree = BUILT_PRODUCTS_DIR; };
		DF95D22929689DAF00D0AAF0 /* SamplesApp.swift */ = {isa = PBXFileReference; lastKnownFileType = sourcecode.swift; path = SamplesApp.swift; sourceTree = "<group>"; };
		DF95D22B29689DAF00D0AAF0 /* ContentView.swift */ = {isa = PBXFileReference; lastKnownFileType = sourcecode.swift; path = ContentView.swift; sourceTree = "<group>"; };
		DF95D22D29689DB000D0AAF0 /* Assets.xcassets */ = {isa = PBXFileReference; lastKnownFileType = folder.assetcatalog; path = Assets.xcassets; sourceTree = "<group>"; };
		DF95D23029689DB000D0AAF0 /* Preview Assets.xcassets */ = {isa = PBXFileReference; lastKnownFileType = folder.assetcatalog; path = "Preview Assets.xcassets"; sourceTree = "<group>"; };
		DFEAC25D2969C5B900063748 /* README.md */ = {isa = PBXFileReference; lastKnownFileType = net.daringfireball.markdown; path = README.md; sourceTree = "<group>"; };
		DFEAC2632969D54900063748 /* View+Available.swift */ = {isa = PBXFileReference; lastKnownFileType = sourcecode.swift; path = "View+Available.swift"; sourceTree = "<group>"; };
		DFEAC2662969D57000063748 /* iOSVersion.swift */ = {isa = PBXFileReference; lastKnownFileType = sourcecode.swift; path = iOSVersion.swift; sourceTree = "<group>"; };
		DFEAC2682969D66B00063748 /* ContentView+Bottom.swift */ = {isa = PBXFileReference; lastKnownFileType = sourcecode.swift; path = "ContentView+Bottom.swift"; sourceTree = "<group>"; };
		DFEAC26A2969D68E00063748 /* ContentView+Fonts.swift */ = {isa = PBXFileReference; lastKnownFileType = sourcecode.swift; path = "ContentView+Fonts.swift"; sourceTree = "<group>"; };
		DFEAC26C2969D69D00063748 /* ContentView+Weights.swift */ = {isa = PBXFileReference; lastKnownFileType = sourcecode.swift; path = "ContentView+Weights.swift"; sourceTree = "<group>"; };
		DFEAC26E2969D6AD00063748 /* ContentView+Styles.swift */ = {isa = PBXFileReference; lastKnownFileType = sourcecode.swift; path = "ContentView+Styles.swift"; sourceTree = "<group>"; };
		DFEAC2702969D6C300063748 /* ContentView+Widths.swift */ = {isa = PBXFileReference; lastKnownFileType = sourcecode.swift; path = "ContentView+Widths.swift"; sourceTree = "<group>"; };
		DFEAC2722969D6DB00063748 /* ContentView+Designs.swift */ = {isa = PBXFileReference; lastKnownFileType = sourcecode.swift; path = "ContentView+Designs.swift"; sourceTree = "<group>"; };
/* End PBXFileReference section */

/* Begin PBXFrameworksBuildPhase section */
		DF95D22329689DAF00D0AAF0 /* Frameworks */ = {
			isa = PBXFrameworksBuildPhase;
			buildActionMask = 2147483647;
			files = (
			);
			runOnlyForDeploymentPostprocessing = 0;
		};
/* End PBXFrameworksBuildPhase section */

/* Begin PBXGroup section */
		DF95D21D29689DAF00D0AAF0 = {
			isa = PBXGroup;
			children = (
				DFEAC25D2969C5B900063748 /* README.md */,
				DF95D22829689DAF00D0AAF0 /* Samples */,
				DF95D22729689DAF00D0AAF0 /* Products */,
			);
			sourceTree = "<group>";
		};
		DF95D22729689DAF00D0AAF0 /* Products */ = {
			isa = PBXGroup;
			children = (
				DF95D22629689DAF00D0AAF0 /* Samples.app */,
			);
			name = Products;
			sourceTree = "<group>";
		};
		DF95D22829689DAF00D0AAF0 /* Samples */ = {
			isa = PBXGroup;
			children = (
				DFEAC2652969D56700063748 /* Models */,
				DFEAC2622969D52A00063748 /* Extensions */,
				DFEAC2612969D51F00063748 /* Views */,
				DF95D22F29689DB000D0AAF0 /* Preview Content */,
				DF95D22D29689DB000D0AAF0 /* Assets.xcassets */,
				DF95D22929689DAF00D0AAF0 /* SamplesApp.swift */,
			);
			path = Samples;
			sourceTree = "<group>";
		};
		DF95D22F29689DB000D0AAF0 /* Preview Content */ = {
			isa = PBXGroup;
			children = (
				DF95D23029689DB000D0AAF0 /* Preview Assets.xcassets */,
			);
			path = "Preview Content";
			sourceTree = "<group>";
		};
		DFEAC2612969D51F00063748 /* Views */ = {
			isa = PBXGroup;
			children = (
				DF95D22B29689DAF00D0AAF0 /* ContentView.swift */,
				DFEAC2682969D66B00063748 /* ContentView+Bottom.swift */,
				DFEAC26A2969D68E00063748 /* ContentView+Fonts.swift */,
				DFEAC26C2969D69D00063748 /* ContentView+Weights.swift */,
				DFEAC26E2969D6AD00063748 /* ContentView+Styles.swift */,
				DFEAC2702969D6C300063748 /* ContentView+Widths.swift */,
				DFEAC2722969D6DB00063748 /* ContentView+Designs.swift */,
			);
			path = Views;
			sourceTree = "<group>";
		};
		DFEAC2622969D52A00063748 /* Extensions */ = {
			isa = PBXGroup;
			children = (
				DFEAC2632969D54900063748 /* View+Available.swift */,
			);
			path = Extensions;
			sourceTree = "<group>";
		};
		DFEAC2652969D56700063748 /* Models */ = {
			isa = PBXGroup;
			children = (
				DFEAC2662969D57000063748 /* iOSVersion.swift */,
			);
			path = Models;
			sourceTree = "<group>";
		};
/* End PBXGroup section */

/* Begin PBXNativeTarget section */
		DF95D22529689DAF00D0AAF0 /* Samples */ = {
			isa = PBXNativeTarget;
			buildConfigurationList = DF95D23429689DB000D0AAF0 /* Build configuration list for PBXNativeTarget "Samples" */;
			buildPhases = (
				DF95D22229689DAF00D0AAF0 /* Sources */,
				DF95D22329689DAF00D0AAF0 /* Frameworks */,
				DF95D22429689DAF00D0AAF0 /* Resources */,
			);
			buildRules = (
			);
			dependencies = (
			);
			name = Samples;
			productName = Samples;
			productReference = DF95D22629689DAF00D0AAF0 /* Samples.app */;
			productType = "com.apple.product-type.application";
		};
/* End PBXNativeTarget section */

/* Begin PBXProject section */
		DF95D21E29689DAF00D0AAF0 /* Project object */ = {
			isa = PBXProject;
			attributes = {
				BuildIndependentTargetsInParallel = 1;
				LastSwiftUpdateCheck = 1420;
				LastUpgradeCheck = 1420;
				TargetAttributes = {
					DF95D22529689DAF00D0AAF0 = {
						CreatedOnToolsVersion = 14.2;
					};
				};
			};
			buildConfigurationList = DF95D22129689DAF00D0AAF0 /* Build configuration list for PBXProject "Samples" */;
			compatibilityVersion = "Xcode 14.0";
			developmentRegion = en;
			hasScannedForEncodings = 0;
			knownRegions = (
				en,
				Base,
			);
			mainGroup = DF95D21D29689DAF00D0AAF0;
			productRefGroup = DF95D22729689DAF00D0AAF0 /* Products */;
			projectDirPath = "";
			projectRoot = "";
			targets = (
				DF95D22529689DAF00D0AAF0 /* Samples */,
			);
		};
/* End PBXProject section */

/* Begin PBXResourcesBuildPhase section */
		DF95D22429689DAF00D0AAF0 /* Resources */ = {
			isa = PBXResourcesBuildPhase;
			buildActionMask = 2147483647;
			files = (
				DFEAC25E2969C5B900063748 /* README.md in Resources */,
				DF95D23129689DB000D0AAF0 /* Preview Assets.xcassets in Resources */,
				DF95D22E29689DB000D0AAF0 /* Assets.xcassets in Resources */,
			);
			runOnlyForDeploymentPostprocessing = 0;
		};
/* End PBXResourcesBuildPhase section */

/* Begin PBXSourcesBuildPhase section */
		DF95D22229689DAF00D0AAF0 /* Sources */ = {
			isa = PBXSourcesBuildPhase;
			buildActionMask = 2147483647;
			files = (
				DFEAC26F2969D6AD00063748 /* ContentView+Styles.swift in Sources */,
				DFEAC26D2969D69D00063748 /* ContentView+Weights.swift in Sources */,
				DFEAC2712969D6C300063748 /* ContentView+Widths.swift in Sources */,
				DFEAC2672969D57000063748 /* iOSVersion.swift in Sources */,
				DFEAC26B2969D68E00063748 /* ContentView+Fonts.swift in Sources */,
				DFEAC2692969D66B00063748 /* ContentView+Bottom.swift in Sources */,
				DFEAC2732969D6DB00063748 /* ContentView+Designs.swift in Sources */,
				DF95D22C29689DAF00D0AAF0 /* ContentView.swift in Sources */,
				DFEAC2642969D54900063748 /* View+Available.swift in Sources */,
				DF95D22A29689DAF00D0AAF0 /* SamplesApp.swift in Sources */,
			);
			runOnlyForDeploymentPostprocessing = 0;
		};
/* End PBXSourcesBuildPhase section */

/* Begin XCBuildConfiguration section */
		DF95D23229689DB000D0AAF0 /* Debug */ = {
			isa = XCBuildConfiguration;
			buildSettings = {
				ALWAYS_SEARCH_USER_PATHS = NO;
				CLANG_ANALYZER_NONNULL = YES;
				CLANG_ANALYZER_NUMBER_OBJECT_CONVERSION = YES_AGGRESSIVE;
				CLANG_CXX_LANGUAGE_STANDARD = "gnu++20";
				CLANG_ENABLE_MODULES = YES;
				CLANG_ENABLE_OBJC_ARC = YES;
				CLANG_ENABLE_OBJC_WEAK = YES;
				CLANG_WARN_BLOCK_CAPTURE_AUTORELEASING = YES;
				CLANG_WARN_BOOL_CONVERSION = YES;
				CLANG_WARN_COMMA = YES;
				CLANG_WARN_CONSTANT_CONVERSION = YES;
				CLANG_WARN_DEPRECATED_OBJC_IMPLEMENTATIONS = YES;
				CLANG_WARN_DIRECT_OBJC_ISA_USAGE = YES_ERROR;
				CLANG_WARN_DOCUMENTATION_COMMENTS = YES;
				CLANG_WARN_EMPTY_BODY = YES;
				CLANG_WARN_ENUM_CONVERSION = YES;
				CLANG_WARN_INFINITE_RECURSION = YES;
				CLANG_WARN_INT_CONVERSION = YES;
				CLANG_WARN_NON_LITERAL_NULL_CONVERSION = YES;
				CLANG_WARN_OBJC_IMPLICIT_RETAIN_SELF = YES;
				CLANG_WARN_OBJC_LITERAL_CONVERSION = YES;
				CLANG_WARN_OBJC_ROOT_CLASS = YES_ERROR;
				CLANG_WARN_QUOTED_INCLUDE_IN_FRAMEWORK_HEADER = YES;
				CLANG_WARN_RANGE_LOOP_ANALYSIS = YES;
				CLANG_WARN_STRICT_PROTOTYPES = YES;
				CLANG_WARN_SUSPICIOUS_MOVE = YES;
				CLANG_WARN_UNGUARDED_AVAILABILITY = YES_AGGRESSIVE;
				CLANG_WARN_UNREACHABLE_CODE = YES;
				CLANG_WARN__DUPLICATE_METHOD_MATCH = YES;
				COPY_PHASE_STRIP = NO;
				DEBUG_INFORMATION_FORMAT = dwarf;
				ENABLE_STRICT_OBJC_MSGSEND = YES;
				ENABLE_TESTABILITY = YES;
				GCC_C_LANGUAGE_STANDARD = gnu11;
				GCC_DYNAMIC_NO_PIC = NO;
				GCC_NO_COMMON_BLOCKS = YES;
				GCC_OPTIMIZATION_LEVEL = 0;
				GCC_PREPROCESSOR_DEFINITIONS = (
					"DEBUG=1",
					"$(inherited)",
				);
				GCC_WARN_64_TO_32_BIT_CONVERSION = YES;
				GCC_WARN_ABOUT_RETURN_TYPE = YES_ERROR;
				GCC_WARN_UNDECLARED_SELECTOR = YES;
				GCC_WARN_UNINITIALIZED_AUTOS = YES_AGGRESSIVE;
				GCC_WARN_UNUSED_FUNCTION = YES;
				GCC_WARN_UNUSED_VARIABLE = YES;
				IPHONEOS_DEPLOYMENT_TARGET = 16.2;
				MTL_ENABLE_DEBUG_INFO = INCLUDE_SOURCE;
				MTL_FAST_MATH = YES;
				ONLY_ACTIVE_ARCH = YES;
				SDKROOT = iphoneos;
				SWIFT_ACTIVE_COMPILATION_CONDITIONS = DEBUG;
				SWIFT_OPTIMIZATION_LEVEL = "-Onone";
			};
			name = Debug;
		};
		DF95D23329689DB000D0AAF0 /* Release */ = {
			isa = XCBuildConfiguration;
			buildSettings = {
				ALWAYS_SEARCH_USER_PATHS = NO;
				CLANG_ANALYZER_NONNULL = YES;
				CLANG_ANALYZER_NUMBER_OBJECT_CONVERSION = YES_AGGRESSIVE;
				CLANG_CXX_LANGUAGE_STANDARD = "gnu++20";
				CLANG_ENABLE_MODULES = YES;
				CLANG_ENABLE_OBJC_ARC = YES;
				CLANG_ENABLE_OBJC_WEAK = YES;
				CLANG_WARN_BLOCK_CAPTURE_AUTORELEASING = YES;
				CLANG_WARN_BOOL_CONVERSION = YES;
				CLANG_WARN_COMMA = YES;
				CLANG_WARN_CONSTANT_CONVERSION = YES;
				CLANG_WARN_DEPRECATED_OBJC_IMPLEMENTATIONS = YES;
				CLANG_WARN_DIRECT_OBJC_ISA_USAGE = YES_ERROR;
				CLANG_WARN_DOCUMENTATION_COMMENTS = YES;
				CLANG_WARN_EMPTY_BODY = YES;
				CLANG_WARN_ENUM_CONVERSION = YES;
				CLANG_WARN_INFINITE_RECURSION = YES;
				CLANG_WARN_INT_CONVERSION = YES;
				CLANG_WARN_NON_LITERAL_NULL_CONVERSION = YES;
				CLANG_WARN_OBJC_IMPLICIT_RETAIN_SELF = YES;
				CLANG_WARN_OBJC_LITERAL_CONVERSION = YES;
				CLANG_WARN_OBJC_ROOT_CLASS = YES_ERROR;
				CLANG_WARN_QUOTED_INCLUDE_IN_FRAMEWORK_HEADER = YES;
				CLANG_WARN_RANGE_LOOP_ANALYSIS = YES;
				CLANG_WARN_STRICT_PROTOTYPES = YES;
				CLANG_WARN_SUSPICIOUS_MOVE = YES;
				CLANG_WARN_UNGUARDED_AVAILABILITY = YES_AGGRESSIVE;
				CLANG_WARN_UNREACHABLE_CODE = YES;
				CLANG_WARN__DUPLICATE_METHOD_MATCH = YES;
				COPY_PHASE_STRIP = NO;
				DEBUG_INFORMATION_FORMAT = "dwarf-with-dsym";
				ENABLE_NS_ASSERTIONS = NO;
				ENABLE_STRICT_OBJC_MSGSEND = YES;
				GCC_C_LANGUAGE_STANDARD = gnu11;
				GCC_NO_COMMON_BLOCKS = YES;
				GCC_WARN_64_TO_32_BIT_CONVERSION = YES;
				GCC_WARN_ABOUT_RETURN_TYPE = YES_ERROR;
				GCC_WARN_UNDECLARED_SELECTOR = YES;
				GCC_WARN_UNINITIALIZED_AUTOS = YES_AGGRESSIVE;
				GCC_WARN_UNUSED_FUNCTION = YES;
				GCC_WARN_UNUSED_VARIABLE = YES;
				IPHONEOS_DEPLOYMENT_TARGET = 16.2;
				MTL_ENABLE_DEBUG_INFO = NO;
				MTL_FAST_MATH = YES;
				SDKROOT = iphoneos;
				SWIFT_COMPILATION_MODE = wholemodule;
				SWIFT_OPTIMIZATION_LEVEL = "-O";
				VALIDATE_PRODUCT = YES;
			};
			name = Release;
		};
		DF95D23529689DB000D0AAF0 /* Debug */ = {
			isa = XCBuildConfiguration;
			buildSettings = {
				ASSETCATALOG_COMPILER_APPICON_NAME = AppIcon;
				ASSETCATALOG_COMPILER_GLOBAL_ACCENT_COLOR_NAME = AccentColor;
				CODE_SIGN_STYLE = Automatic;
				CURRENT_PROJECT_VERSION = 1;
				DEVELOPMENT_ASSET_PATHS = "\"Samples/Preview Content\"";
				DEVELOPMENT_TEAM = 7Z2WHPKU8W;
				ENABLE_PREVIEWS = YES;
				GENERATE_INFOPLIST_FILE = YES;
				INFOPLIST_KEY_UIApplicationSceneManifest_Generation = YES;
				INFOPLIST_KEY_UIApplicationSupportsIndirectInputEvents = YES;
				INFOPLIST_KEY_UILaunchScreen_Generation = YES;
				INFOPLIST_KEY_UISupportedInterfaceOrientations_iPad = "UIInterfaceOrientationPortrait UIInterfaceOrientationPortraitUpsideDown UIInterfaceOrientationLandscapeLeft UIInterfaceOrientationLandscapeRight";
				INFOPLIST_KEY_UISupportedInterfaceOrientations_iPhone = "UIInterfaceOrientationPortrait UIInterfaceOrientationLandscapeLeft UIInterfaceOrientationLandscapeRight";
				LD_RUNPATH_SEARCH_PATHS = (
					"$(inherited)",
					"@executable_path/Frameworks",
				);
				MARKETING_VERSION = 1.0;
				PRODUCT_BUNDLE_IDENTIFIER = com.levochka.Samples;
				PRODUCT_NAME = "$(TARGET_NAME)";
				SWIFT_EMIT_LOC_STRINGS = YES;
				SWIFT_VERSION = 5.0;
				TARGETED_DEVICE_FAMILY = "1,2";
			};
			name = Debug;
		};
		DF95D23629689DB000D0AAF0 /* Release */ = {
			isa = XCBuildConfiguration;
			buildSettings = {
				ASSETCATALOG_COMPILER_APPICON_NAME = AppIcon;
				ASSETCATALOG_COMPILER_GLOBAL_ACCENT_COLOR_NAME = AccentColor;
				CODE_SIGN_STYLE = Automatic;
				CURRENT_PROJECT_VERSION = 1;
				DEVELOPMENT_ASSET_PATHS = "\"Samples/Preview Content\"";
				DEVELOPMENT_TEAM = 7Z2WHPKU8W;
				ENABLE_PREVIEWS = YES;
				GENERATE_INFOPLIST_FILE = YES;
				INFOPLIST_KEY_UIApplicationSceneManifest_Generation = YES;
				INFOPLIST_KEY_UIApplicationSupportsIndirectInputEvents = YES;
				INFOPLIST_KEY_UILaunchScreen_Generation = YES;
				INFOPLIST_KEY_UISupportedInterfaceOrientations_iPad = "UIInterfaceOrientationPortrait UIInterfaceOrientationPortraitUpsideDown UIInterfaceOrientationLandscapeLeft UIInterfaceOrientationLandscapeRight";
				INFOPLIST_KEY_UISupportedInterfaceOrientations_iPhone = "UIInterfaceOrientationPortrait UIInterfaceOrientationLandscapeLeft UIInterfaceOrientationLandscapeRight";
				LD_RUNPATH_SEARCH_PATHS = (
					"$(inherited)",
					"@executable_path/Frameworks",
				);
				MARKETING_VERSION = 1.0;
				PRODUCT_BUNDLE_IDENTIFIER = com.levochka.Samples;
				PRODUCT_NAME = "$(TARGET_NAME)";
				SWIFT_EMIT_LOC_STRINGS = YES;
				SWIFT_VERSION = 5.0;
				TARGETED_DEVICE_FAMILY = "1,2";
			};
			name = Release;
		};
/* End XCBuildConfiguration section */

/* Begin XCConfigurationList section */
		DF95D22129689DAF00D0AAF0 /* Build configuration list for PBXProject "Samples" */ = {
			isa = XCConfigurationList;
			buildConfigurations = (
				DF95D23229689DB000D0AAF0 /* Debug */,
				DF95D23329689DB000D0AAF0 /* Release */,
			);
			defaultConfigurationIsVisible = 0;
			defaultConfigurationName = Release;
		};
		DF95D23429689DB000D0AAF0 /* Build configuration list for PBXNativeTarget "Samples" */ = {
			isa = XCConfigurationList;
			buildConfigurations = (
				DF95D23529689DB000D0AAF0 /* Debug */,
				DF95D23629689DB000D0AAF0 /* Release */,
			);
			defaultConfigurationIsVisible = 0;
			defaultConfigurationName = Release;
		};
/* End XCConfigurationList section */
	};
	rootObject = DF95D21E29689DAF00D0AAF0 /* Project object */;
}
